
Microsoft Visual Studio Solution File, Format Version 12.00
# Visual Studio 15
VisualStudioVersion = 15.0.28307.136
MinimumVisualStudioVersion = 10.0.40219.1
Project("{FAE04EC0-301F-11D3-BF4B-00C04F79EFBC}") = "TennisPlayersStats", "TennisPlayersStats\TennisPlayersStats.csproj", "{DEA7300C-82F1-4EDE-B258-4A272977D56D}"
EndProject
Project("{FAE04EC0-301F-11D3-BF4B-00C04F79EFBC}") = "TennisPlayersStats.Tests", "TennisPlayersStats.Tests\TennisPlayersStats.Tests.csproj", "{121E7E59-EED1-4DF6-9F20-4146FFDA4010}"
EndProject
Project("{FAE04EC0-301F-11D3-BF4B-00C04F79EFBC}") = "Domain", "Domain\Domain.csproj", "{D557DC51-3507-4097-A5B8-1FD1FADA0569}"
EndProject
Project("{FAE04EC0-301F-11D3-BF4B-00C04F79EFBC}") = "Commun", "Commun\Commun.csproj", "{AFCBAB19-55F9-4498-8527-D6A31FB2519B}"
EndProject
Project("{FAE04EC0-301F-11D3-BF4B-00C04F79EFBC}") = "Data", "Data\Data.csproj", "{C0F869E9-D0F2-47B8-9E33-D7D401C55EC2}"
EndProject
Global
	GlobalSection(SolutionConfigurationPlatforms) = preSolution
		Debug|Any CPU = Debug|Any CPU
		Release|Any CPU = Release|Any CPU
	EndGlobalSection
	GlobalSection(ProjectConfigurationPlatforms) = postSolution
		{DEA7300C-82F1-4EDE-B258-4A272977D56D}.Debug|Any CPU.ActiveCfg = Debug|Any CPU
		{DEA7300C-82F1-4EDE-B258-4A272977D56D}.Debug|Any CPU.Build.0 = Debug|Any CPU
		{DEA7300C-82F1-4EDE-B258-4A272977D56D}.Release|Any CPU.ActiveCfg = Release|Any CPU
		{DEA7300C-82F1-4EDE-B258-4A272977D56D}.Release|Any CPU.Build.0 = Release|Any CPU
		{121E7E59-EED1-4DF6-9F20-4146FFDA4010}.Debug|Any CPU.ActiveCfg = Debug|Any CPU
		{121E7E59-EED1-4DF6-9F20-4146FFDA4010}.Debug|Any CPU.Build.0 = Debug|Any CPU
		{121E7E59-EED1-4DF6-9F20-4146FFDA4010}.Release|Any CPU.ActiveCfg = Release|Any CPU
		{121E7E59-EED1-4DF6-9F20-4146FFDA4010}.Release|Any CPU.Build.0 = Release|Any CPU
		{D557DC51-3507-4097-A5B8-1FD1FADA0569}.Debug|Any CPU.ActiveCfg = Debug|Any CPU
		{D557DC51-3507-4097-A5B8-1FD1FADA0569}.Debug|Any CPU.Build.0 = Debug|Any CPU
		{D557DC51-3507-4097-A5B8-1FD1FADA0569}.Release|Any CPU.ActiveCfg = Release|Any CPU
		{D557DC51-3507-4097-A5B8-1FD1FADA0569}.Release|Any CPU.Build.0 = Release|Any CPU
		{AFCBAB19-55F9-4498-8527-D6A31FB2519B}.Debug|Any CPU.ActiveCfg = Debug|Any CPU
		{AFCBAB19-55F9-4498-8527-D6A31FB2519B}.Debug|Any CPU.Build.0 = Debug|Any CPU
		{AFCBAB19-55F9-4498-8527-D6A31FB2519B}.Release|Any CPU.ActiveCfg = Release|Any CPU
		{AFCBAB19-55F9-4498-8527-D6A31FB2519B}.Release|Any CPU.Build.0 = Release|Any CPU
		{C0F869E9-D0F2-47B8-9E33-D7D401C55EC2}.Debug|Any CPU.ActiveCfg = Debug|Any CPU
		{C0F869E9-D0F2-47B8-9E33-D7D401C55EC2}.Debug|Any CPU.Build.0 = Debug|Any CPU
		{C0F869E9-D0F2-47B8-9E33-D7D401C55EC2}.Release|Any CPU.ActiveCfg = Release|Any CPU
		{C0F869E9-D0F2-47B8-9E33-D7D401C55EC2}.Release|Any CPU.Build.0 = Release|Any CPU
	EndGlobalSection
	GlobalSection(SolutionProperties) = preSolution
		HideSolutionNode = FALSE
	EndGlobalSection
	GlobalSection(ExtensibilityGlobals) = postSolution
		SolutionGuid = {888E4D1C-F0B9-4A4C-B97F-569B9C9E1839}
	EndGlobalSection
EndGlobal
